
Microsoft Visual Studio Solution File, Format Version 12.00
# Visual Studio Version 17
VisualStudioVersion = 17.0.31903.59
MinimumVisualStudioVersion = 10.0.40219.1
Project("{FAE04EC0-301F-11D3-BF4B-00C04F79EFBC}") = "BookStore.Core", "BookStore.Core\BookStore.Core.csproj", "{9448EAA0-2722-4E1E-89F1-F72EC40A4086}"
EndProject
Project("{FAE04EC0-301F-11D3-BF4B-00C04F79EFBC}") = "BookStore.Infrastructure", "BookStore.Infrastructure\BookStore.Infrastructure.csproj", "{FE4F2032-CF4D-49CC-A95E-2B293BBCA959}"
EndProject
Project("{FAE04EC0-301F-11D3-BF4B-00C04F79EFBC}") = "BookStore.Tests", "BookStore.Tests\BookStore.Tests.csproj", "{F1E773B2-448B-441A-96DC-D4960F37FDC0}"
EndProject
Project("{FAE04EC0-301F-11D3-BF4B-00C04F79EFBC}") = "BookStore.App", "BookStore.App\BookStore.App.csproj", "{34B27C31-ADA4-44E4-8DBF-4DBA2A333FD8}"
EndProject
Project("{FAE04EC0-301F-11D3-BF4B-00C04F79EFBC}") = "BookStore.Bootstrap", "BookStore.Bootstrap\BookStore.Bootstrap.csproj", "{955230B5-5E30-4B70-9314-062DEDB32C9F}"
EndProject
Project("{FAE04EC0-301F-11D3-BF4B-00C04F79EFBC}") = "BookStore.ViewModels", "BookStore.ViewModels\BookStore.ViewModels.csproj", "{1C5C4DB2-2CB6-4484-B846-9CC5D4133556}"
EndProject
Global
	GlobalSection(SolutionConfigurationPlatforms) = preSolution
		Debug|Any CPU = Debug|Any CPU
		Debug|x64 = Debug|x64
		Debug|x86 = Debug|x86
		Release|Any CPU = Release|Any CPU
		Release|x64 = Release|x64
		Release|x86 = Release|x86
	EndGlobalSection
	GlobalSection(ProjectConfigurationPlatforms) = postSolution
		{9448EAA0-2722-4E1E-89F1-F72EC40A4086}.Debug|Any CPU.ActiveCfg = Debug|Any CPU
		{9448EAA0-2722-4E1E-89F1-F72EC40A4086}.Debug|Any CPU.Build.0 = Debug|Any CPU
		{9448EAA0-2722-4E1E-89F1-F72EC40A4086}.Debug|x64.ActiveCfg = Debug|Any CPU
		{9448EAA0-2722-4E1E-89F1-F72EC40A4086}.Debug|x64.Build.0 = Debug|Any CPU
		{9448EAA0-2722-4E1E-89F1-F72EC40A4086}.Debug|x86.ActiveCfg = Debug|Any CPU
		{9448EAA0-2722-4E1E-89F1-F72EC40A4086}.Debug|x86.Build.0 = Debug|Any CPU
		{9448EAA0-2722-4E1E-89F1-F72EC40A4086}.Release|Any CPU.ActiveCfg = Release|Any CPU
		{9448EAA0-2722-4E1E-89F1-F72EC40A4086}.Release|Any CPU.Build.0 = Release|Any CPU
		{9448EAA0-2722-4E1E-89F1-F72EC40A4086}.Release|x64.ActiveCfg = Release|Any CPU
		{9448EAA0-2722-4E1E-89F1-F72EC40A4086}.Release|x64.Build.0 = Release|Any CPU
		{9448EAA0-2722-4E1E-89F1-F72EC40A4086}.Release|x86.ActiveCfg = Release|Any CPU
		{9448EAA0-2722-4E1E-89F1-F72EC40A4086}.Release|x86.Build.0 = Release|Any CPU
		{FE4F2032-CF4D-49CC-A95E-2B293BBCA959}.Debug|Any CPU.ActiveCfg = Debug|Any CPU
		{FE4F2032-CF4D-49CC-A95E-2B293BBCA959}.Debug|Any CPU.Build.0 = Debug|Any CPU
		{FE4F2032-CF4D-49CC-A95E-2B293BBCA959}.Debug|x64.ActiveCfg = Debug|Any CPU
		{FE4F2032-CF4D-49CC-A95E-2B293BBCA959}.Debug|x64.Build.0 = Debug|Any CPU
		{FE4F2032-CF4D-49CC-A95E-2B293BBCA959}.Debug|x86.ActiveCfg = Debug|Any CPU
		{FE4F2032-CF4D-49CC-A95E-2B293BBCA959}.Debug|x86.Build.0 = Debug|Any CPU
		{FE4F2032-CF4D-49CC-A95E-2B293BBCA959}.Release|Any CPU.ActiveCfg = Release|Any CPU
		{FE4F2032-CF4D-49CC-A95E-2B293BBCA959}.Release|Any CPU.Build.0 = Release|Any CPU
		{FE4F2032-CF4D-49CC-A95E-2B293BBCA959}.Release|x64.ActiveCfg = Release|Any CPU
		{FE4F2032-CF4D-49CC-A95E-2B293BBCA959}.Release|x64.Build.0 = Release|Any CPU
		{FE4F2032-CF4D-49CC-A95E-2B293BBCA959}.Release|x86.ActiveCfg = Release|Any CPU
		{FE4F2032-CF4D-49CC-A95E-2B293BBCA959}.Release|x86.Build.0 = Release|Any CPU
		{F1E773B2-448B-441A-96DC-D4960F37FDC0}.Debug|Any CPU.ActiveCfg = Debug|Any CPU
		{F1E773B2-448B-441A-96DC-D4960F37FDC0}.Debug|Any CPU.Build.0 = Debug|Any CPU
		{F1E773B2-448B-441A-96DC-D4960F37FDC0}.Debug|x64.ActiveCfg = Debug|Any CPU
		{F1E773B2-448B-441A-96DC-D4960F37FDC0}.Debug|x64.Build.0 = Debug|Any CPU
		{F1E773B2-448B-441A-96DC-D4960F37FDC0}.Debug|x86.ActiveCfg = Debug|Any CPU
		{F1E773B2-448B-441A-96DC-D4960F37FDC0}.Debug|x86.Build.0 = Debug|Any CPU
		{F1E773B2-448B-441A-96DC-D4960F37FDC0}.Release|Any CPU.ActiveCfg = Release|Any CPU
		{F1E773B2-448B-441A-96DC-D4960F37FDC0}.Release|Any CPU.Build.0 = Release|Any CPU
		{F1E773B2-448B-441A-96DC-D4960F37FDC0}.Release|x64.ActiveCfg = Release|Any CPU
		{F1E773B2-448B-441A-96DC-D4960F37FDC0}.Release|x64.Build.0 = Release|Any CPU
		{F1E773B2-448B-441A-96DC-D4960F37FDC0}.Release|x86.ActiveCfg = Release|Any CPU
		{F1E773B2-448B-441A-96DC-D4960F37FDC0}.Release|x86.Build.0 = Release|Any CPU
		{34B27C31-ADA4-44E4-8DBF-4DBA2A333FD8}.Debug|Any CPU.ActiveCfg = Debug|Any CPU
		{34B27C31-ADA4-44E4-8DBF-4DBA2A333FD8}.Debug|Any CPU.Build.0 = Debug|Any CPU
		{34B27C31-ADA4-44E4-8DBF-4DBA2A333FD8}.Debug|x64.ActiveCfg = Debug|Any CPU
		{34B27C31-ADA4-44E4-8DBF-4DBA2A333FD8}.Debug|x64.Build.0 = Debug|Any CPU
		{34B27C31-ADA4-44E4-8DBF-4DBA2A333FD8}.Debug|x86.ActiveCfg = Debug|Any CPU
		{34B27C31-ADA4-44E4-8DBF-4DBA2A333FD8}.Debug|x86.Build.0 = Debug|Any CPU
		{34B27C31-ADA4-44E4-8DBF-4DBA2A333FD8}.Release|Any CPU.ActiveCfg = Release|Any CPU
		{34B27C31-ADA4-44E4-8DBF-4DBA2A333FD8}.Release|Any CPU.Build.0 = Release|Any CPU
		{34B27C31-ADA4-44E4-8DBF-4DBA2A333FD8}.Release|x64.ActiveCfg = Release|Any CPU
		{34B27C31-ADA4-44E4-8DBF-4DBA2A333FD8}.Release|x64.Build.0 = Release|Any CPU
		{34B27C31-ADA4-44E4-8DBF-4DBA2A333FD8}.Release|x86.ActiveCfg = Release|Any CPU
		{34B27C31-ADA4-44E4-8DBF-4DBA2A333FD8}.Release|x86.Build.0 = Release|Any CPU
		{955230B5-5E30-4B70-9314-062DEDB32C9F}.Debug|Any CPU.ActiveCfg = Debug|Any CPU
		{955230B5-5E30-4B70-9314-062DEDB32C9F}.Debug|Any CPU.Build.0 = Debug|Any CPU
		{955230B5-5E30-4B70-9314-062DEDB32C9F}.Debug|x64.ActiveCfg = Debug|Any CPU
		{955230B5-5E30-4B70-9314-062DEDB32C9F}.Debug|x64.Build.0 = Debug|Any CPU
		{955230B5-5E30-4B70-9314-062DEDB32C9F}.Debug|x86.ActiveCfg = Debug|Any CPU
		{955230B5-5E30-4B70-9314-062DEDB32C9F}.Debug|x86.Build.0 = Debug|Any CPU
		{955230B5-5E30-4B70-9314-062DEDB32C9F}.Release|Any CPU.ActiveCfg = Release|Any CPU
		{955230B5-5E30-4B70-9314-062DEDB32C9F}.Release|Any CPU.Build.0 = Release|Any CPU
		{955230B5-5E30-4B70-9314-062DEDB32C9F}.Release|x64.ActiveCfg = Release|Any CPU
		{955230B5-5E30-4B70-9314-062DEDB32C9F}.Release|x64.Build.0 = Release|Any CPU
		{955230B5-5E30-4B70-9314-062DEDB32C9F}.Release|x86.ActiveCfg = Release|Any CPU
		{955230B5-5E30-4B70-9314-062DEDB32C9F}.Release|x86.Build.0 = Release|Any CPU
		{1C5C4DB2-2CB6-4484-B846-9CC5D4133556}.Debug|Any CPU.ActiveCfg = Debug|Any CPU
		{1C5C4DB2-2CB6-4484-B846-9CC5D4133556}.Debug|Any CPU.Build.0 = Debug|Any CPU
		{1C5C4DB2-2CB6-4484-B846-9CC5D4133556}.Debug|x64.ActiveCfg = Debug|Any CPU
		{1C5C4DB2-2CB6-4484-B846-9CC5D4133556}.Debug|x64.Build.0 = Debug|Any CPU
		{1C5C4DB2-2CB6-4484-B846-9CC5D4133556}.Debug|x86.ActiveCfg = Debug|Any CPU
		{1C5C4DB2-2CB6-4484-B846-9CC5D4133556}.Debug|x86.Build.0 = Debug|Any CPU
		{1C5C4DB2-2CB6-4484-B846-9CC5D4133556}.Release|Any CPU.ActiveCfg = Release|Any CPU
		{1C5C4DB2-2CB6-4484-B846-9CC5D4133556}.Release|Any CPU.Build.0 = Release|Any CPU
		{1C5C4DB2-2CB6-4484-B846-9CC5D4133556}.Release|x64.ActiveCfg = Release|Any CPU
		{1C5C4DB2-2CB6-4484-B846-9CC5D4133556}.Release|x64.Build.0 = Release|Any CPU
		{1C5C4DB2-2CB6-4484-B846-9CC5D4133556}.Release|x86.ActiveCfg = Release|Any CPU
		{1C5C4DB2-2CB6-4484-B846-9CC5D4133556}.Release|x86.Build.0 = Release|Any CPU
	EndGlobalSection
	GlobalSection(SolutionProperties) = preSolution
		HideSolutionNode = FALSE
	EndGlobalSection
EndGlobal
